
Microsoft Visual Studio Solution File, Format Version 12.00
# Visual Studio Version 17
VisualStudioVersion = 17.0.31903.59
MinimumVisualStudioVersion = 10.0.40219.1
Project("{9A19103F-16F7-4668-BE54-9A1E7A4F7556}") = "SlimFinancial.Api", "Presentation\SlimFinancial.Api.csproj", "{D053D6F9-30A2-4988-9DA8-9C13FF2AB31B}"
EndProject
Project("{2150E333-8FDC-42A3-9474-1A3956D46DE8}") = "Infrastructure", "Infrastructure", "{96D636EA-3C15-4B71-BC3C-444568279866}"
EndProject
Project("{9A19103F-16F7-4668-BE54-9A1E7A4F7556}") = "SlimFinancial.Infrastructure", "Infrastructure\SlimFinancial.Infrastructure\SlimFinancial.Infrastructure.csproj", "{6A181A75-9B66-4CDC-B293-E0CAAA45A738}"
EndProject
Project("{2150E333-8FDC-42A3-9474-1A3956D46DE8}") = "Core", "Core", "{47F55F9E-B2D5-440F-9CDE-640C719D8994}"
EndProject
Project("{9A19103F-16F7-4668-BE54-9A1E7A4F7556}") = "SlimFinancial.Domain", "Core\SlimFinancial.Domain\SlimFinancial.Domain.csproj", "{A0199C10-1E32-4F86-B138-FF978FBADCA2}"
EndProject
Project("{9A19103F-16F7-4668-BE54-9A1E7A4F7556}") = "SlimFinancial.Application", "Application\SlimFinancial.Application\SlimFinancial.Application.csproj", "{8095690B-343A-40FF-9C67-80CA8F10C5A9}"
EndProject
Project("{2150E333-8FDC-42A3-9474-1A3956D46DE8}") = "Presentation", "Presentation", "{15050D06-46AB-4929-886F-BA283B48E9F4}"
EndProject
Project("{9A19103F-16F7-4668-BE54-9A1E7A4F7556}") = "SlimFinancial.Api.UnitTest", "SlimFinancial.Api.Test\SlimFinancial.Api.UnitTest.csproj", "{7C02F0C6-35A9-4E60-A579-5BD0731F7F29}"
EndProject
Project("{2150E333-8FDC-42A3-9474-1A3956D46DE8}") = "Tests", "Tests", "{6134A447-3FBA-4317-817B-4895579251B9}"
EndProject
Project("{2150E333-8FDC-42A3-9474-1A3956D46DE8}") = "UnitTests", "UnitTests", "{7BDC0D7D-B4E5-4EB6-A9F1-090BBE980DFC}"
EndProject
Global
	GlobalSection(SolutionConfigurationPlatforms) = preSolution
		Debug|Any CPU = Debug|Any CPU
		Release|Any CPU = Release|Any CPU
	EndGlobalSection
	GlobalSection(ProjectConfigurationPlatforms) = postSolution
		{D053D6F9-30A2-4988-9DA8-9C13FF2AB31B}.Debug|Any CPU.ActiveCfg = Debug|Any CPU
		{D053D6F9-30A2-4988-9DA8-9C13FF2AB31B}.Debug|Any CPU.Build.0 = Debug|Any CPU
		{D053D6F9-30A2-4988-9DA8-9C13FF2AB31B}.Release|Any CPU.ActiveCfg = Release|Any CPU
		{D053D6F9-30A2-4988-9DA8-9C13FF2AB31B}.Release|Any CPU.Build.0 = Release|Any CPU
		{6A181A75-9B66-4CDC-B293-E0CAAA45A738}.Debug|Any CPU.ActiveCfg = Debug|Any CPU
		{6A181A75-9B66-4CDC-B293-E0CAAA45A738}.Debug|Any CPU.Build.0 = Debug|Any CPU
		{6A181A75-9B66-4CDC-B293-E0CAAA45A738}.Release|Any CPU.ActiveCfg = Release|Any CPU
		{6A181A75-9B66-4CDC-B293-E0CAAA45A738}.Release|Any CPU.Build.0 = Release|Any CPU
		{A0199C10-1E32-4F86-B138-FF978FBADCA2}.Debug|Any CPU.ActiveCfg = Debug|Any CPU
		{A0199C10-1E32-4F86-B138-FF978FBADCA2}.Debug|Any CPU.Build.0 = Debug|Any CPU
		{A0199C10-1E32-4F86-B138-FF978FBADCA2}.Release|Any CPU.ActiveCfg = Release|Any CPU
		{A0199C10-1E32-4F86-B138-FF978FBADCA2}.Release|Any CPU.Build.0 = Release|Any CPU
		{8095690B-343A-40FF-9C67-80CA8F10C5A9}.Debug|Any CPU.ActiveCfg = Debug|Any CPU
		{8095690B-343A-40FF-9C67-80CA8F10C5A9}.Debug|Any CPU.Build.0 = Debug|Any CPU
		{8095690B-343A-40FF-9C67-80CA8F10C5A9}.Release|Any CPU.ActiveCfg = Release|Any CPU
		{8095690B-343A-40FF-9C67-80CA8F10C5A9}.Release|Any CPU.Build.0 = Release|Any CPU
		{7C02F0C6-35A9-4E60-A579-5BD0731F7F29}.Debug|Any CPU.ActiveCfg = Debug|Any CPU
		{7C02F0C6-35A9-4E60-A579-5BD0731F7F29}.Debug|Any CPU.Build.0 = Debug|Any CPU
		{7C02F0C6-35A9-4E60-A579-5BD0731F7F29}.Release|Any CPU.ActiveCfg = Release|Any CPU
		{7C02F0C6-35A9-4E60-A579-5BD0731F7F29}.Release|Any CPU.Build.0 = Release|Any CPU
	EndGlobalSection
	GlobalSection(SolutionProperties) = preSolution
		HideSolutionNode = FALSE
	EndGlobalSection
	GlobalSection(NestedProjects) = preSolution
		{D053D6F9-30A2-4988-9DA8-9C13FF2AB31B} = {15050D06-46AB-4929-886F-BA283B48E9F4}
		{6A181A75-9B66-4CDC-B293-E0CAAA45A738} = {96D636EA-3C15-4B71-BC3C-444568279866}
		{A0199C10-1E32-4F86-B138-FF978FBADCA2} = {47F55F9E-B2D5-440F-9CDE-640C719D8994}
		{8095690B-343A-40FF-9C67-80CA8F10C5A9} = {47F55F9E-B2D5-440F-9CDE-640C719D8994}
		{7C02F0C6-35A9-4E60-A579-5BD0731F7F29} = {7BDC0D7D-B4E5-4EB6-A9F1-090BBE980DFC}
		{7BDC0D7D-B4E5-4EB6-A9F1-090BBE980DFC} = {6134A447-3FBA-4317-817B-4895579251B9}
	EndGlobalSection
	GlobalSection(ExtensibilityGlobals) = postSolution
		SolutionGuid = {5081C2BB-75C9-4A54-8AE5-CBD783BB6532}
	EndGlobalSection
EndGlobal
